
Microsoft Visual Studio Solution File, Format Version 12.00
# Visual Studio Version 16
VisualStudioVersion = 16.0.32106.194
MinimumVisualStudioVersion = 10.0.40219.1
Project("{FAE04EC0-301F-11D3-BF4B-00C04F79EFBC}") = "TrueLayerPokemon.Library", "TrueLayerPokemon.Library.csproj", "{BABB6BF7-617E-43EF-8FB7-EB4D63227CE2}"
EndProject
Project("{FAE04EC0-301F-11D3-BF4B-00C04F79EFBC}") = "TrueLayerPokemon.UniteTest", "..\TrueLayerPokemon.UniteTest\TrueLayerPokemon.UniteTest.csproj", "{346D7609-38FE-4D66-AFEF-BAC9AB976895}"
EndProject
Project("{9A19103F-16F7-4668-BE54-9A1E7A4F7556}") = "TrueLayerPokemon.WebAPI", "..\TrueLayerPokemon.WebAPI\TrueLayerPokemon.WebAPI.csproj", "{545DE904-8EDD-4212-B59D-45CBEDCE0D4A}"
EndProject
Global
	GlobalSection(SolutionConfigurationPlatforms) = preSolution
		Debug|Any CPU = Debug|Any CPU
		Release|Any CPU = Release|Any CPU
	EndGlobalSection
	GlobalSection(ProjectConfigurationPlatforms) = postSolution
		{BABB6BF7-617E-43EF-8FB7-EB4D63227CE2}.Debug|Any CPU.ActiveCfg = Debug|Any CPU
		{BABB6BF7-617E-43EF-8FB7-EB4D63227CE2}.Debug|Any CPU.Build.0 = Debug|Any CPU
		{BABB6BF7-617E-43EF-8FB7-EB4D63227CE2}.Release|Any CPU.ActiveCfg = Release|Any CPU
		{BABB6BF7-617E-43EF-8FB7-EB4D63227CE2}.Release|Any CPU.Build.0 = Release|Any CPU
		{346D7609-38FE-4D66-AFEF-BAC9AB976895}.Debug|Any CPU.ActiveCfg = Debug|Any CPU
		{346D7609-38FE-4D66-AFEF-BAC9AB976895}.Debug|Any CPU.Build.0 = Debug|Any CPU
		{346D7609-38FE-4D66-AFEF-BAC9AB976895}.Release|Any CPU.ActiveCfg = Release|Any CPU
		{346D7609-38FE-4D66-AFEF-BAC9AB976895}.Release|Any CPU.Build.0 = Release|Any CPU
		{545DE904-8EDD-4212-B59D-45CBEDCE0D4A}.Debug|Any CPU.ActiveCfg = Debug|Any CPU
		{545DE904-8EDD-4212-B59D-45CBEDCE0D4A}.Debug|Any CPU.Build.0 = Debug|Any CPU
		{545DE904-8EDD-4212-B59D-45CBEDCE0D4A}.Release|Any CPU.ActiveCfg = Release|Any CPU
		{545DE904-8EDD-4212-B59D-45CBEDCE0D4A}.Release|Any CPU.Build.0 = Release|Any CPU
	EndGlobalSection
	GlobalSection(SolutionProperties) = preSolution
		HideSolutionNode = FALSE
	EndGlobalSection
	GlobalSection(ExtensibilityGlobals) = postSolution
		SolutionGuid = {13F018BF-0ED3-4120-949F-E3015A08E301}
	EndGlobalSection
EndGlobal
